// !$*UTF8*$!
{
	archiveVersion = 1;
	classes = {
	};
	objectVersion = 46;
	objects = {

/* Begin PBXBuildFile section */
		_LinkFileRef_SwiftParser_via_SwiftParserTests /* SwiftParser.framework in Frameworks */ = {isa = PBXBuildFile; fileRef = "_____Product_SwiftParser" /* SwiftParser.framework */; };
		__src_cc_ref_Sources/Parser.swift /* Parser.swift in Sources */ = {isa = PBXBuildFile; fileRef = __PBXFileRef_Sources/Parser.swift /* Parser.swift */; };
		__src_cc_ref_Sources/Reader.swift /* Reader.swift in Sources */ = {isa = PBXBuildFile; fileRef = __PBXFileRef_Sources/Reader.swift /* Reader.swift */; };
		__src_cc_ref_Sources/StringReader.swift /* StringReader.swift in Sources */ = {isa = PBXBuildFile; fileRef = __PBXFileRef_Sources/StringReader.swift /* StringReader.swift */; };
		__src_cc_ref_Tests/SwiftParserTests/SwiftParserTests.swift /* SwiftParserTests.swift in Sources */ = {isa = PBXBuildFile; fileRef = __PBXFileRef_Tests/SwiftParserTests/SwiftParserTests.swift /* SwiftParserTests.swift */; };
/* End PBXBuildFile section */

/* Begin PBXContainerItemProxy section */
		6537E2111D89EE0800CD80EC /* PBXContainerItemProxy */ = {
			isa = PBXContainerItemProxy;
			containerPortal = __RootObject_ /* Project object */;
			proxyType = 1;
			remoteGlobalIDString = "______Target_SwiftParser";
			remoteInfo = SwiftParser;
		};
/* End PBXContainerItemProxy section */

/* Begin PBXFileReference section */
		6537E2161D89EE9D00CD80EC /* README.md */ = {isa = PBXFileReference; lastKnownFileType = net.daringfireball.markdown; path = README.md; sourceTree = "<group>"; };
		__PBXFileRef_Package.swift /* Package.swift */ = {isa = PBXFileReference; lastKnownFileType = sourcecode.swift; path = Package.swift; sourceTree = "<group>"; };
		__PBXFileRef_Sources/Parser.swift /* Parser.swift */ = {isa = PBXFileReference; lastKnownFileType = sourcecode.swift; path = Parser.swift; sourceTree = "<group>"; };
		__PBXFileRef_Sources/Reader.swift /* Reader.swift */ = {isa = PBXFileReference; lastKnownFileType = sourcecode.swift; path = Reader.swift; sourceTree = "<group>"; };
		__PBXFileRef_Sources/StringReader.swift /* StringReader.swift */ = {isa = PBXFileReference; lastKnownFileType = sourcecode.swift; path = StringReader.swift; sourceTree = "<group>"; };
		__PBXFileRef_SwiftParser.xcodeproj/Configs/Project.xcconfig /* SwiftParser.xcodeproj/Configs/Project.xcconfig */ = {isa = PBXFileReference; lastKnownFileType = text.xcconfig; path = SwiftParser.xcodeproj/Configs/Project.xcconfig; sourceTree = "<group>"; };
		__PBXFileRef_Tests/SwiftParserTests/SwiftParserTests.swift /* SwiftParserTests.swift */ = {isa = PBXFileReference; lastKnownFileType = sourcecode.swift; path = SwiftParserTests.swift; sourceTree = "<group>"; };
		"_____Product_SwiftParser" /* SwiftParser.framework */ = {isa = PBXFileReference; explicitFileType = wrapper.framework; path = SwiftParser.framework; sourceTree = BUILT_PRODUCTS_DIR; };
		"_____Product_SwiftParserTests" /* SwiftParserTests.xctest */ = {isa = PBXFileReference; lastKnownFileType = file; path = SwiftParserTests.xctest; sourceTree = BUILT_PRODUCTS_DIR; };
/* End PBXFileReference section */

/* Begin PBXFrameworksBuildPhase section */
		"___LinkPhase_SwiftParser" /* Frameworks */ = {
			isa = PBXFrameworksBuildPhase;
			buildActionMask = 0;
			files = (
			);
			runOnlyForDeploymentPostprocessing = 0;
		};
		"___LinkPhase_SwiftParserTests" /* Frameworks */ = {
			isa = PBXFrameworksBuildPhase;
			buildActionMask = 0;
			files = (
				_LinkFileRef_SwiftParser_via_SwiftParserTests /* SwiftParser.framework in Frameworks */,
			);
			runOnlyForDeploymentPostprocessing = 0;
		};
/* End PBXFrameworksBuildPhase section */

/* Begin PBXGroup section */
		TestProducts_ /* Tests */ = {
			isa = PBXGroup;
			children = (
				"_____Product_SwiftParserTests" /* SwiftParserTests.xctest */,
			);
			name = Tests;
			sourceTree = "<group>";
		};
		"___RootGroup_" = {
			isa = PBXGroup;
			children = (
				6537E2161D89EE9D00CD80EC /* README.md */,
				__PBXFileRef_Package.swift /* Package.swift */,
				"_____Configs_" /* Configs */,
				"_____Sources_" /* Sources */,
				"_______Tests_" /* Tests */,
				"____Products_" /* Products */,
			);
			sourceTree = "<group>";
		};
		"____Products_" /* Products */ = {
			isa = PBXGroup;
			children = (
				TestProducts_ /* Tests */,
				"_____Product_SwiftParser" /* SwiftParser.framework */,
			);
			name = Products;
			sourceTree = "<group>";
		};
		"_____Configs_" /* Configs */ = {
			isa = PBXGroup;
			children = (
				__PBXFileRef_SwiftParser.xcodeproj/Configs/Project.xcconfig /* SwiftParser.xcodeproj/Configs/Project.xcconfig */,
			);
			name = Configs;
			sourceTree = "<group>";
		};
		"_____Sources_" /* Sources */ = {
			isa = PBXGroup;
			children = (
				"_______Group_SwiftParser" /* SwiftParser */,
			);
			name = Sources;
			sourceTree = "<group>";
		};
		"_______Group_SwiftParser" /* SwiftParser */ = {
			isa = PBXGroup;
			children = (
				__PBXFileRef_Sources/Parser.swift /* Parser.swift */,
				__PBXFileRef_Sources/Reader.swift /* Reader.swift */,
				__PBXFileRef_Sources/StringReader.swift /* StringReader.swift */,
			);
			name = SwiftParser;
			path = Sources;
			sourceTree = "<group>";
		};
		"_______Group_SwiftParserTests" /* SwiftParserTests */ = {
			isa = PBXGroup;
			children = (
				__PBXFileRef_Tests/SwiftParserTests/SwiftParserTests.swift /* SwiftParserTests.swift */,
			);
			name = SwiftParserTests;
			path = Tests/SwiftParserTests;
			sourceTree = "<group>";
		};
		"_______Tests_" /* Tests */ = {
			isa = PBXGroup;
			children = (
				"_______Group_SwiftParserTests" /* SwiftParserTests */,
			);
			name = Tests;
			sourceTree = "<group>";
		};
/* End PBXGroup section */

/* Begin PBXNativeTarget section */
		"______Target_SwiftParser" /* SwiftParser */ = {
			isa = PBXNativeTarget;
			buildConfigurationList = "_______Confs_SwiftParser" /* Build configuration list for PBXNativeTarget "SwiftParser" */;
			buildPhases = (
				CompilePhase_SwiftParser /* Sources */,
				"___LinkPhase_SwiftParser" /* Frameworks */,
			);
			buildRules = (
			);
			dependencies = (
			);
			name = SwiftParser;
			productName = SwiftParser;
			productReference = "_____Product_SwiftParser" /* SwiftParser.framework */;
			productType = "com.apple.product-type.framework";
		};
		"______Target_SwiftParserTests" /* SwiftParserTests */ = {
			isa = PBXNativeTarget;
			buildConfigurationList = "_______Confs_SwiftParserTests" /* Build configuration list for PBXNativeTarget "SwiftParserTests" */;
			buildPhases = (
				CompilePhase_SwiftParserTests /* Sources */,
				"___LinkPhase_SwiftParserTests" /* Frameworks */,
			);
			buildRules = (
			);
			dependencies = (
				__Dependency_SwiftParser /* PBXTargetDependency */,
			);
			name = SwiftParserTests;
			productName = SwiftParserTests;
			productReference = "_____Product_SwiftParserTests" /* SwiftParserTests.xctest */;
			productType = "com.apple.product-type.bundle.unit-test";
		};
/* End PBXNativeTarget section */

/* Begin PBXProject section */
		__RootObject_ /* Project object */ = {
			isa = PBXProject;
			attributes = {
				LastUpgradeCheck = 9999;
				TargetAttributes = {
					"______Target_SwiftParser" = {
						ProvisioningStyle = Automatic;
					};
				};
			};
			buildConfigurationList = "___RootConfs_" /* Build configuration list for PBXProject "SwiftParser" */;
			compatibilityVersion = "Xcode 3.2";
			developmentRegion = English;
			hasScannedForEncodings = 0;
			knownRegions = (
				en,
			);
			mainGroup = "___RootGroup_";
			productRefGroup = "____Products_" /* Products */;
			projectDirPath = "";
			projectRoot = "";
			targets = (
				"______Target_SwiftParser" /* SwiftParser */,
				"______Target_SwiftParserTests" /* SwiftParserTests */,
			);
		};
/* End PBXProject section */

/* Begin PBXSourcesBuildPhase section */
		CompilePhase_SwiftParser /* Sources */ = {
			isa = PBXSourcesBuildPhase;
			buildActionMask = 0;
			files = (
				__src_cc_ref_Sources/Parser.swift /* Parser.swift in Sources */,
				__src_cc_ref_Sources/Reader.swift /* Reader.swift in Sources */,
				__src_cc_ref_Sources/StringReader.swift /* StringReader.swift in Sources */,
			);
			runOnlyForDeploymentPostprocessing = 0;
		};
		CompilePhase_SwiftParserTests /* Sources */ = {
			isa = PBXSourcesBuildPhase;
			buildActionMask = 0;
			files = (
				__src_cc_ref_Tests/SwiftParserTests/SwiftParserTests.swift /* SwiftParserTests.swift in Sources */,
			);
			runOnlyForDeploymentPostprocessing = 0;
		};
/* End PBXSourcesBuildPhase section */

/* Begin PBXTargetDependency section */
		__Dependency_SwiftParser /* PBXTargetDependency */ = {
			isa = PBXTargetDependency;
			target = "______Target_SwiftParser" /* SwiftParser */;
			targetProxy = 6537E2111D89EE0800CD80EC /* PBXContainerItemProxy */;
		};
/* End PBXTargetDependency section */

/* Begin XCBuildConfiguration section */
		_ReleaseConf_SwiftParser /* Release */ = {
			isa = XCBuildConfiguration;
			buildSettings = {
				CODE_SIGN_IDENTITY = "Mac Developer";
				ENABLE_TESTABILITY = YES;
				FRAMEWORK_SEARCH_PATHS = "$(PLATFORM_DIR)/Developer/Library/Frameworks";
				INFOPLIST_FILE = SwiftParser.xcodeproj/SwiftParser_Info.plist;
				LD_RUNPATH_SEARCH_PATHS = "$(TOOLCHAIN_DIR)/usr/lib/swift/macosx";
				OTHER_LDFLAGS = "$(inherited)";
				OTHER_SWIFT_FLAGS = "$(inherited)";
				PRODUCT_BUNDLE_IDENTIFIER = SwiftParser;
				PRODUCT_MODULE_NAME = "$(TARGET_NAME:c99extidentifier)";
				PRODUCT_NAME = "$(TARGET_NAME:c99extidentifier)";
				SWIFT_VERSION = 3.0;
			};
			name = Release;
		};
		_ReleaseConf_SwiftParserTests /* Release */ = {
			isa = XCBuildConfiguration;
			buildSettings = {
				EMBEDDED_CONTENT_CONTAINS_SWIFT = YES;
				FRAMEWORK_SEARCH_PATHS = "$(PLATFORM_DIR)/Developer/Library/Frameworks";
				INFOPLIST_FILE = SwiftParser.xcodeproj/SwiftParserTests_Info.plist;
				LD_RUNPATH_SEARCH_PATHS = "@loader_path/../Frameworks";
				OTHER_LDFLAGS = "$(inherited)";
				OTHER_SWIFT_FLAGS = "$(inherited)";
				SWIFT_VERSION = 3.0;
			};
			name = Release;
		};
		"___DebugConf_SwiftParser" /* Debug */ = {
			isa = XCBuildConfiguration;
			buildSettings = {
				CODE_SIGN_IDENTITY = "Mac Developer";
				ENABLE_TESTABILITY = YES;
				FRAMEWORK_SEARCH_PATHS = "$(PLATFORM_DIR)/Developer/Library/Frameworks";
				INFOPLIST_FILE = SwiftParser.xcodeproj/SwiftParser_Info.plist;
				LD_RUNPATH_SEARCH_PATHS = "$(TOOLCHAIN_DIR)/usr/lib/swift/macosx";
				OTHER_LDFLAGS = "$(inherited)";
				OTHER_SWIFT_FLAGS = "$(inherited)";
				PRODUCT_BUNDLE_IDENTIFIER = SwiftParser;
				PRODUCT_MODULE_NAME = "$(TARGET_NAME:c99extidentifier)";
				PRODUCT_NAME = "$(TARGET_NAME:c99extidentifier)";
				SWIFT_OPTIMIZATION_LEVEL = "-Onone";
				SWIFT_VERSION = 3.0;
			};
			name = Debug;
		};
		"___DebugConf_SwiftParserTests" /* Debug */ = {
			isa = XCBuildConfiguration;
			buildSettings = {
				EMBEDDED_CONTENT_CONTAINS_SWIFT = YES;
				FRAMEWORK_SEARCH_PATHS = "$(PLATFORM_DIR)/Developer/Library/Frameworks";
				INFOPLIST_FILE = SwiftParser.xcodeproj/SwiftParserTests_Info.plist;
				LD_RUNPATH_SEARCH_PATHS = "@loader_path/../Frameworks";
				OTHER_LDFLAGS = "$(inherited)";
				OTHER_SWIFT_FLAGS = "$(inherited)";
				SWIFT_OPTIMIZATION_LEVEL = "-Onone";
				SWIFT_VERSION = 3.0;
			};
			name = Debug;
		};
		"_____Release_" /* Release */ = {
			isa = XCBuildConfiguration;
			baseConfigurationReference = __PBXFileRef_SwiftParser.xcodeproj/Configs/Project.xcconfig /* SwiftParser.xcodeproj/Configs/Project.xcconfig */;
			buildSettings = {
			};
			name = Release;
		};
		"_______Debug_" /* Debug */ = {
			isa = XCBuildConfiguration;
			baseConfigurationReference = __PBXFileRef_SwiftParser.xcodeproj/Configs/Project.xcconfig /* SwiftParser.xcodeproj/Configs/Project.xcconfig */;
			buildSettings = {
			};
			name = Debug;
		};
/* End XCBuildConfiguration section */

/* Begin XCConfigurationList section */
		"___RootConfs_" /* Build configuration list for PBXProject "SwiftParser" */ = {
			isa = XCConfigurationList;
			buildConfigurations = (
				"_______Debug_" /* Debug */,
				"_____Release_" /* Release */,
			);
			defaultConfigurationIsVisible = 0;
			defaultConfigurationName = Debug;
		};
		"_______Confs_SwiftParser" /* Build configuration list for PBXNativeTarget "SwiftParser" */ = {
			isa = XCConfigurationList;
			buildConfigurations = (
				"___DebugConf_SwiftParser" /* Debug */,
				_ReleaseConf_SwiftParser /* Release */,
			);
			defaultConfigurationIsVisible = 0;
			defaultConfigurationName = Debug;
		};
		"_______Confs_SwiftParserTests" /* Build configuration list for PBXNativeTarget "SwiftParserTests" */ = {
			isa = XCConfigurationList;
			buildConfigurations = (
				"___DebugConf_SwiftParserTests" /* Debug */,
				_ReleaseConf_SwiftParserTests /* Release */,
			);
			defaultConfigurationIsVisible = 0;
			defaultConfigurationName = Debug;
		};
/* End XCConfigurationList section */
	};
	rootObject = __RootObject_ /* Project object */;
}
